
Microsoft Visual Studio Solution File, Format Version 12.00
# Visual Studio Version 17
VisualStudioVersion = 17.0.32002.185
MinimumVisualStudioVersion = 10.0.40219.1
Project("{FAE04EC0-301F-11D3-BF4B-00C04F79EFBC}") = "ServerChatApp_20190140005_YasminaAzzahraArifin", "ServerChatApp_20190140005_YasminaAzzahraArifin\ServerChatApp_20190140005_YasminaAzzahraArifin.csproj", "{DBC3B5E6-A2B5-4D21-A5CD-6C71C27C681D}"
EndProject
Global
	GlobalSection(SolutionConfigurationPlatforms) = preSolution
		Debug|Any CPU = Debug|Any CPU
		Release|Any CPU = Release|Any CPU
	EndGlobalSection
	GlobalSection(ProjectConfigurationPlatforms) = postSolution
		{DBC3B5E6-A2B5-4D21-A5CD-6C71C27C681D}.Debug|Any CPU.ActiveCfg = Debug|Any CPU
		{DBC3B5E6-A2B5-4D21-A5CD-6C71C27C681D}.Debug|Any CPU.Build.0 = Debug|Any CPU
		{DBC3B5E6-A2B5-4D21-A5CD-6C71C27C681D}.Release|Any CPU.ActiveCfg = Release|Any CPU
		{DBC3B5E6-A2B5-4D21-A5CD-6C71C27C681D}.Release|Any CPU.Build.0 = Release|Any CPU
	EndGlobalSection
	GlobalSection(SolutionProperties) = preSolution
		HideSolutionNode = FALSE
	EndGlobalSection
	GlobalSection(ExtensibilityGlobals) = postSolution
		SolutionGuid = {1ABD8A6E-9A38-4195-93BB-15B699E03D23}
	EndGlobalSection
EndGlobal
